
Microsoft Visual Studio Solution File, Format Version 12.00
# Visual Studio Version 17
VisualStudioVersion = 17.6.33712.159
MinimumVisualStudioVersion = 10.0.40219.1
Project("{FAE04EC0-301F-11D3-BF4B-00C04F79EFBC}") = "elephant", "elephant\elephant.csproj", "{F4038316-EC1A-4093-8591-6C865736C0E0}"
EndProject
Global
	GlobalSection(SolutionConfigurationPlatforms) = preSolution
		Debug|Any CPU = Debug|Any CPU
		Release|Any CPU = Release|Any CPU
	EndGlobalSection
	GlobalSection(ProjectConfigurationPlatforms) = postSolution
		{F4038316-EC1A-4093-8591-6C865736C0E0}.Debug|Any CPU.ActiveCfg = Debug|Any CPU
		{F4038316-EC1A-4093-8591-6C865736C0E0}.Debug|Any CPU.Build.0 = Debug|Any CPU
		{F4038316-EC1A-4093-8591-6C865736C0E0}.Release|Any CPU.ActiveCfg = Release|Any CPU
		{F4038316-EC1A-4093-8591-6C865736C0E0}.Release|Any CPU.Build.0 = Release|Any CPU
	EndGlobalSection
	GlobalSection(SolutionProperties) = preSolution
		HideSolutionNode = FALSE
	EndGlobalSection
	GlobalSection(ExtensibilityGlobals) = postSolution
		SolutionGuid = {34D6875E-CAEA-4899-BCA1-AB273CE2E3A1}
	EndGlobalSection
EndGlobal
